
Microsoft Visual Studio Solution File, Format Version 12.00
# Visual Studio 2013
VisualStudioVersion = 12.0.21005.1
MinimumVisualStudioVersion = 10.0.40219.1
Project("{8BC9CEB8-8B4A-11D0-8D11-00A0C91BC942}") = "MyCLib", "MyCLib\MyCLib.vcxproj", "{C6827065-9BA6-4433-AF75-426748175D32}"
EndProject
Project("{8BC9CEB8-8B4A-11D0-8D11-00A0C91BC942}") = "TestMyCLib", "TestMyCLib\TestMyCLib.vcxproj", "{FFE87F93-F76A-4ADB-9AF7-96CDA307C69F}"
EndProject
Global
	GlobalSection(SolutionConfigurationPlatforms) = preSolution
		Debug|Win32 = Debug|Win32
		Release|Win32 = Release|Win32
	EndGlobalSection
	GlobalSection(ProjectConfigurationPlatforms) = postSolution
		{C6827065-9BA6-4433-AF75-426748175D32}.Debug|Win32.ActiveCfg = Debug|Win32
		{C6827065-9BA6-4433-AF75-426748175D32}.Debug|Win32.Build.0 = Debug|Win32
		{C6827065-9BA6-4433-AF75-426748175D32}.Release|Win32.ActiveCfg = Release|Win32
		{C6827065-9BA6-4433-AF75-426748175D32}.Release|Win32.Build.0 = Release|Win32
		{FFE87F93-F76A-4ADB-9AF7-96CDA307C69F}.Debug|Win32.ActiveCfg = Debug|Win32
		{FFE87F93-F76A-4ADB-9AF7-96CDA307C69F}.Debug|Win32.Build.0 = Debug|Win32
		{FFE87F93-F76A-4ADB-9AF7-96CDA307C69F}.Release|Win32.ActiveCfg = Release|Win32
		{FFE87F93-F76A-4ADB-9AF7-96CDA307C69F}.Release|Win32.Build.0 = Release|Win32
	EndGlobalSection
	GlobalSection(SolutionProperties) = preSolution
		HideSolutionNode = FALSE
	EndGlobalSection
EndGlobal
